// !$*UTF8*$!
{
	archiveVersion = 1;
	classes = {
	};
	objectVersion = 56;
	objects = {

/* Begin PBXBuildFile section */
		34B1C1C22BB6C5C10062D5AC /* singleEthWalletApp.swift in Sources */ = {isa = PBXBuildFile; fileRef = 34B1C1C12BB6C5C10062D5AC /* singleEthWalletApp.swift */; };
		34B1C1C42BB6C5C10062D5AC /* ContentView.swift in Sources */ = {isa = PBXBuildFile; fileRef = 34B1C1C32BB6C5C10062D5AC /* ContentView.swift */; };
		34B1C1C62BB6C5C30062D5AC /* Assets.xcassets in Resources */ = {isa = PBXBuildFile; fileRef = 34B1C1C52BB6C5C30062D5AC /* Assets.xcassets */; };
		34B1C1C92BB6C5C30062D5AC /* Preview Assets.xcassets in Resources */ = {isa = PBXBuildFile; fileRef = 34B1C1C82BB6C5C30062D5AC /* Preview Assets.xcassets */; };
		34B1C1D32BB6C5C30062D5AC /* singleEthWalletTests.swift in Sources */ = {isa = PBXBuildFile; fileRef = 34B1C1D22BB6C5C30062D5AC /* singleEthWalletTests.swift */; };
		34B1C1DD2BB6C5C30062D5AC /* singleEthWalletUITests.swift in Sources */ = {isa = PBXBuildFile; fileRef = 34B1C1DC2BB6C5C30062D5AC /* singleEthWalletUITests.swift */; };
		34B1C1DF2BB6C5C30062D5AC /* singleEthWalletUITestsLaunchTests.swift in Sources */ = {isa = PBXBuildFile; fileRef = 34B1C1DE2BB6C5C30062D5AC /* singleEthWalletUITestsLaunchTests.swift */; };
/* End PBXBuildFile section */

/* Begin PBXContainerItemProxy section */
		34B1C1CF2BB6C5C30062D5AC /* PBXContainerItemProxy */ = {
			isa = PBXContainerItemProxy;
			containerPortal = 34B1C1B62BB6C5C10062D5AC /* Project object */;
			proxyType = 1;
			remoteGlobalIDString = 34B1C1BD2BB6C5C10062D5AC;
			remoteInfo = singleEthWallet;
		};
		34B1C1D92BB6C5C30062D5AC /* PBXContainerItemProxy */ = {
			isa = PBXContainerItemProxy;
			containerPortal = 34B1C1B62BB6C5C10062D5AC /* Project object */;
			proxyType = 1;
			remoteGlobalIDString = 34B1C1BD2BB6C5C10062D5AC;
			remoteInfo = singleEthWallet;
		};
/* End PBXContainerItemProxy section */

/* Begin PBXFileReference section */
		34B1C1BE2BB6C5C10062D5AC /* singleEthWallet.app */ = {isa = PBXFileReference; explicitFileType = wrapper.application; includeInIndex = 0; path = singleEthWallet.app; sourceTree = BUILT_PRODUCTS_DIR; };
		34B1C1C12BB6C5C10062D5AC /* singleEthWalletApp.swift */ = {isa = PBXFileReference; lastKnownFileType = sourcecode.swift; path = singleEthWalletApp.swift; sourceTree = "<group>"; };
		34B1C1C32BB6C5C10062D5AC /* ContentView.swift */ = {isa = PBXFileReference; lastKnownFileType = sourcecode.swift; path = ContentView.swift; sourceTree = "<group>"; };
		34B1C1C52BB6C5C30062D5AC /* Assets.xcassets */ = {isa = PBXFileReference; lastKnownFileType = folder.assetcatalog; path = Assets.xcassets; sourceTree = "<group>"; };
		34B1C1C82BB6C5C30062D5AC /* Preview Assets.xcassets */ = {isa = PBXFileReference; lastKnownFileType = folder.assetcatalog; path = "Preview Assets.xcassets"; sourceTree = "<group>"; };
		34B1C1CE2BB6C5C30062D5AC /* singleEthWalletTests.xctest */ = {isa = PBXFileReference; explicitFileType = wrapper.cfbundle; includeInIndex = 0; path = singleEthWalletTests.xctest; sourceTree = BUILT_PRODUCTS_DIR; };
		34B1C1D22BB6C5C30062D5AC /* singleEthWalletTests.swift */ = {isa = PBXFileReference; lastKnownFileType = sourcecode.swift; path = singleEthWalletTests.swift; sourceTree = "<group>"; };
		34B1C1D82BB6C5C30062D5AC /* singleEthWalletUITests.xctest */ = {isa = PBXFileReference; explicitFileType = wrapper.cfbundle; includeInIndex = 0; path = singleEthWalletUITests.xctest; sourceTree = BUILT_PRODUCTS_DIR; };
		34B1C1DC2BB6C5C30062D5AC /* singleEthWalletUITests.swift */ = {isa = PBXFileReference; lastKnownFileType = sourcecode.swift; path = singleEthWalletUITests.swift; sourceTree = "<group>"; };
		34B1C1DE2BB6C5C30062D5AC /* singleEthWalletUITestsLaunchTests.swift */ = {isa = PBXFileReference; lastKnownFileType = sourcecode.swift; path = singleEthWalletUITestsLaunchTests.swift; sourceTree = "<group>"; };
/* End PBXFileReference section */

/* Begin PBXFrameworksBuildPhase section */
		34B1C1BB2BB6C5C10062D5AC /* Frameworks */ = {
			isa = PBXFrameworksBuildPhase;
			buildActionMask = 2147483647;
			files = (
			);
			runOnlyForDeploymentPostprocessing = 0;
		};
		34B1C1CB2BB6C5C30062D5AC /* Frameworks */ = {
			isa = PBXFrameworksBuildPhase;
			buildActionMask = 2147483647;
			files = (
			);
			runOnlyForDeploymentPostprocessing = 0;
		};
		34B1C1D52BB6C5C30062D5AC /* Frameworks */ = {
			isa = PBXFrameworksBuildPhase;
			buildActionMask = 2147483647;
			files = (
			);
			runOnlyForDeploymentPostprocessing = 0;
		};
/* End PBXFrameworksBuildPhase section */

/* Begin PBXGroup section */
		34B1C1B52BB6C5C10062D5AC = {
			isa = PBXGroup;
			children = (
				34B1C1C02BB6C5C10062D5AC /* singleEthWallet */,
				34B1C1D12BB6C5C30062D5AC /* singleEthWalletTests */,
				34B1C1DB2BB6C5C30062D5AC /* singleEthWalletUITests */,
				34B1C1BF2BB6C5C10062D5AC /* Products */,
			);
			sourceTree = "<group>";
		};
		34B1C1BF2BB6C5C10062D5AC /* Products */ = {
			isa = PBXGroup;
			children = (
				34B1C1BE2BB6C5C10062D5AC /* singleEthWallet.app */,
				34B1C1CE2BB6C5C30062D5AC /* singleEthWalletTests.xctest */,
				34B1C1D82BB6C5C30062D5AC /* singleEthWalletUITests.xctest */,
			);
			name = Products;
			sourceTree = "<group>";
		};
		34B1C1C02BB6C5C10062D5AC /* singleEthWallet */ = {
			isa = PBXGroup;
			children = (
				34B1C1C12BB6C5C10062D5AC /* singleEthWalletApp.swift */,
				34B1C1C32BB6C5C10062D5AC /* ContentView.swift */,
				34B1C1C52BB6C5C30062D5AC /* Assets.xcassets */,
				34B1C1C72BB6C5C30062D5AC /* Preview Content */,
			);
			path = singleEthWallet;
			sourceTree = "<group>";
		};
		34B1C1C72BB6C5C30062D5AC /* Preview Content */ = {
			isa = PBXGroup;
			children = (
				34B1C1C82BB6C5C30062D5AC /* Preview Assets.xcassets */,
			);
			path = "Preview Content";
			sourceTree = "<group>";
		};
		34B1C1D12BB6C5C30062D5AC /* singleEthWalletTests */ = {
			isa = PBXGroup;
			children = (
				34B1C1D22BB6C5C30062D5AC /* singleEthWalletTests.swift */,
			);
			path = singleEthWalletTests;
			sourceTree = "<group>";
		};
		34B1C1DB2BB6C5C30062D5AC /* singleEthWalletUITests */ = {
			isa = PBXGroup;
			children = (
				34B1C1DC2BB6C5C30062D5AC /* singleEthWalletUITests.swift */,
				34B1C1DE2BB6C5C30062D5AC /* singleEthWalletUITestsLaunchTests.swift */,
			);
			path = singleEthWalletUITests;
			sourceTree = "<group>";
		};
/* End PBXGroup section */

/* Begin PBXNativeTarget section */
		34B1C1BD2BB6C5C10062D5AC /* singleEthWallet */ = {
			isa = PBXNativeTarget;
			buildConfigurationList = 34B1C1E22BB6C5C30062D5AC /* Build configuration list for PBXNativeTarget "singleEthWallet" */;
			buildPhases = (
				34B1C1BA2BB6C5C10062D5AC /* Sources */,
				34B1C1BB2BB6C5C10062D5AC /* Frameworks */,
				34B1C1BC2BB6C5C10062D5AC /* Resources */,
			);
			buildRules = (
			);
			dependencies = (
			);
			name = singleEthWallet;
			productName = singleEthWallet;
			productReference = 34B1C1BE2BB6C5C10062D5AC /* singleEthWallet.app */;
			productType = "com.apple.product-type.application";
		};
		34B1C1CD2BB6C5C30062D5AC /* singleEthWalletTests */ = {
			isa = PBXNativeTarget;
			buildConfigurationList = 34B1C1E52BB6C5C30062D5AC /* Build configuration list for PBXNativeTarget "singleEthWalletTests" */;
			buildPhases = (
				34B1C1CA2BB6C5C30062D5AC /* Sources */,
				34B1C1CB2BB6C5C30062D5AC /* Frameworks */,
				34B1C1CC2BB6C5C30062D5AC /* Resources */,
			);
			buildRules = (
			);
			dependencies = (
				34B1C1D02BB6C5C30062D5AC /* PBXTargetDependency */,
			);
			name = singleEthWalletTests;
			productName = singleEthWalletTests;
			productReference = 34B1C1CE2BB6C5C30062D5AC /* singleEthWalletTests.xctest */;
			productType = "com.apple.product-type.bundle.unit-test";
		};
		34B1C1D72BB6C5C30062D5AC /* singleEthWalletUITests */ = {
			isa = PBXNativeTarget;
			buildConfigurationList = 34B1C1E82BB6C5C30062D5AC /* Build configuration list for PBXNativeTarget "singleEthWalletUITests" */;
			buildPhases = (
				34B1C1D42BB6C5C30062D5AC /* Sources */,
				34B1C1D52BB6C5C30062D5AC /* Frameworks */,
				34B1C1D62BB6C5C30062D5AC /* Resources */,
			);
			buildRules = (
			);
			dependencies = (
				34B1C1DA2BB6C5C30062D5AC /* PBXTargetDependency */,
			);
			name = singleEthWalletUITests;
			productName = singleEthWalletUITests;
			productReference = 34B1C1D82BB6C5C30062D5AC /* singleEthWalletUITests.xctest */;
			productType = "com.apple.product-type.bundle.ui-testing";
		};
/* End PBXNativeTarget section */

/* Begin PBXProject section */
		34B1C1B62BB6C5C10062D5AC /* Project object */ = {
			isa = PBXProject;
			attributes = {
				BuildIndependentTargetsInParallel = 1;
				LastSwiftUpdateCheck = 1530;
				LastUpgradeCheck = 1530;
				TargetAttributes = {
					34B1C1BD2BB6C5C10062D5AC = {
						CreatedOnToolsVersion = 15.3;
					};
					34B1C1CD2BB6C5C30062D5AC = {
						CreatedOnToolsVersion = 15.3;
						TestTargetID = 34B1C1BD2BB6C5C10062D5AC;
					};
					34B1C1D72BB6C5C30062D5AC = {
						CreatedOnToolsVersion = 15.3;
						TestTargetID = 34B1C1BD2BB6C5C10062D5AC;
					};
				};
			};
			buildConfigurationList = 34B1C1B92BB6C5C10062D5AC /* Build configuration list for PBXProject "singleEthWallet" */;
			compatibilityVersion = "Xcode 14.0";
			developmentRegion = en;
			hasScannedForEncodings = 0;
			knownRegions = (
				en,
				Base,
			);
			mainGroup = 34B1C1B52BB6C5C10062D5AC;
			productRefGroup = 34B1C1BF2BB6C5C10062D5AC /* Products */;
			projectDirPath = "";
			projectRoot = "";
			targets = (
				34B1C1BD2BB6C5C10062D5AC /* singleEthWallet */,
				34B1C1CD2BB6C5C30062D5AC /* singleEthWalletTests */,
				34B1C1D72BB6C5C30062D5AC /* singleEthWalletUITests */,
			);
		};
/* End PBXProject section */

/* Begin PBXResourcesBuildPhase section */
		34B1C1BC2BB6C5C10062D5AC /* Resources */ = {
			isa = PBXResourcesBuildPhase;
			buildActionMask = 2147483647;
			files = (
				34B1C1C92BB6C5C30062D5AC /* Preview Assets.xcassets in Resources */,
				34B1C1C62BB6C5C30062D5AC /* Assets.xcassets in Resources */,
			);
			runOnlyForDeploymentPostprocessing = 0;
		};
		34B1C1CC2BB6C5C30062D5AC /* Resources */ = {
			isa = PBXResourcesBuildPhase;
			buildActionMask = 2147483647;
			files = (
			);
			runOnlyForDeploymentPostprocessing = 0;
		};
		34B1C1D62BB6C5C30062D5AC /* Resources */ = {
			isa = PBXResourcesBuildPhase;
			buildActionMask = 2147483647;
			files = (
			);
			runOnlyForDeploymentPostprocessing = 0;
		};
/* End PBXResourcesBuildPhase section */

/* Begin PBXSourcesBuildPhase section */
		34B1C1BA2BB6C5C10062D5AC /* Sources */ = {
			isa = PBXSourcesBuildPhase;
			buildActionMask = 2147483647;
			files = (
				34B1C1C42BB6C5C10062D5AC /* ContentView.swift in Sources */,
				34B1C1C22BB6C5C10062D5AC /* singleEthWalletApp.swift in Sources */,
			);
			runOnlyForDeploymentPostprocessing = 0;
		};
		34B1C1CA2BB6C5C30062D5AC /* Sources */ = {
			isa = PBXSourcesBuildPhase;
			buildActionMask = 2147483647;
			files = (
				34B1C1D32BB6C5C30062D5AC /* singleEthWalletTests.swift in Sources */,
			);
			runOnlyForDeploymentPostprocessing = 0;
		};
		34B1C1D42BB6C5C30062D5AC /* Sources */ = {
			isa = PBXSourcesBuildPhase;
			buildActionMask = 2147483647;
			files = (
				34B1C1DD2BB6C5C30062D5AC /* singleEthWalletUITests.swift in Sources */,
				34B1C1DF2BB6C5C30062D5AC /* singleEthWalletUITestsLaunchTests.swift in Sources */,
			);
			runOnlyForDeploymentPostprocessing = 0;
		};
/* End PBXSourcesBuildPhase section */

/* Begin PBXTargetDependency section */
		34B1C1D02BB6C5C30062D5AC /* PBXTargetDependency */ = {
			isa = PBXTargetDependency;
			target = 34B1C1BD2BB6C5C10062D5AC /* singleEthWallet */;
			targetProxy = 34B1C1CF2BB6C5C30062D5AC /* PBXContainerItemProxy */;
		};
		34B1C1DA2BB6C5C30062D5AC /* PBXTargetDependency */ = {
			isa = PBXTargetDependency;
			target = 34B1C1BD2BB6C5C10062D5AC /* singleEthWallet */;
			targetProxy = 34B1C1D92BB6C5C30062D5AC /* PBXContainerItemProxy */;
		};
/* End PBXTargetDependency section */

/* Begin XCBuildConfiguration section */
		34B1C1E02BB6C5C30062D5AC /* Debug */ = {
			isa = XCBuildConfiguration;
			buildSettings = {
				ALWAYS_SEARCH_USER_PATHS = NO;
				ASSETCATALOG_COMPILER_GENERATE_SWIFT_ASSET_SYMBOL_EXTENSIONS = YES;
				CLANG_ANALYZER_NONNULL = YES;
				CLANG_ANALYZER_NUMBER_OBJECT_CONVERSION = YES_AGGRESSIVE;
				CLANG_CXX_LANGUAGE_STANDARD = "gnu++20";
				CLANG_ENABLE_MODULES = YES;
				CLANG_ENABLE_OBJC_ARC = YES;
				CLANG_ENABLE_OBJC_WEAK = YES;
				CLANG_WARN_BLOCK_CAPTURE_AUTORELEASING = YES;
				CLANG_WARN_BOOL_CONVERSION = YES;
				CLANG_WARN_COMMA = YES;
				CLANG_WARN_CONSTANT_CONVERSION = YES;
				CLANG_WARN_DEPRECATED_OBJC_IMPLEMENTATIONS = YES;
				CLANG_WARN_DIRECT_OBJC_ISA_USAGE = YES_ERROR;
				CLANG_WARN_DOCUMENTATION_COMMENTS = YES;
				CLANG_WARN_EMPTY_BODY = YES;
				CLANG_WARN_ENUM_CONVERSION = YES;
				CLANG_WARN_INFINITE_RECURSION = YES;
				CLANG_WARN_INT_CONVERSION = YES;
				CLANG_WARN_NON_LITERAL_NULL_CONVERSION = YES;
				CLANG_WARN_OBJC_IMPLICIT_RETAIN_SELF = YES;
				CLANG_WARN_OBJC_LITERAL_CONVERSION = YES;
				CLANG_WARN_OBJC_ROOT_CLASS = YES_ERROR;
				CLANG_WARN_QUOTED_INCLUDE_IN_FRAMEWORK_HEADER = YES;
				CLANG_WARN_RANGE_LOOP_ANALYSIS = YES;
				CLANG_WARN_STRICT_PROTOTYPES = YES;
				CLANG_WARN_SUSPICIOUS_MOVE = YES;
				CLANG_WARN_UNGUARDED_AVAILABILITY = YES_AGGRESSIVE;
				CLANG_WARN_UNREACHABLE_CODE = YES;
				CLANG_WARN__DUPLICATE_METHOD_MATCH = YES;
				COPY_PHASE_STRIP = NO;
				DEBUG_INFORMATION_FORMAT = dwarf;
				ENABLE_STRICT_OBJC_MSGSEND = YES;
				ENABLE_TESTABILITY = YES;
				ENABLE_USER_SCRIPT_SANDBOXING = YES;
				GCC_C_LANGUAGE_STANDARD = gnu17;
				GCC_DYNAMIC_NO_PIC = NO;
				GCC_NO_COMMON_BLOCKS = YES;
				GCC_OPTIMIZATION_LEVEL = 0;
				GCC_PREPROCESSOR_DEFINITIONS = (
					"DEBUG=1",
					"$(inherited)",
				);
				GCC_WARN_64_TO_32_BIT_CONVERSION = YES;
				GCC_WARN_ABOUT_RETURN_TYPE = YES_ERROR;
				GCC_WARN_UNDECLARED_SELECTOR = YES;
				GCC_WARN_UNINITIALIZED_AUTOS = YES_AGGRESSIVE;
				GCC_WARN_UNUSED_FUNCTION = YES;
				GCC_WARN_UNUSED_VARIABLE = YES;
				IPHONEOS_DEPLOYMENT_TARGET = 17.4;
				LOCALIZATION_PREFERS_STRING_CATALOGS = YES;
				MTL_ENABLE_DEBUG_INFO = INCLUDE_SOURCE;
				MTL_FAST_MATH = YES;
				ONLY_ACTIVE_ARCH = YES;
				SDKROOT = iphoneos;
				SWIFT_ACTIVE_COMPILATION_CONDITIONS = "DEBUG $(inherited)";
				SWIFT_OPTIMIZATION_LEVEL = "-Onone";
			};
			name = Debug;
		};
		34B1C1E12BB6C5C30062D5AC /* Release */ = {
			isa = XCBuildConfiguration;
			buildSettings = {
				ALWAYS_SEARCH_USER_PATHS = NO;
				ASSETCATALOG_COMPILER_GENERATE_SWIFT_ASSET_SYMBOL_EXTENSIONS = YES;
				CLANG_ANALYZER_NONNULL = YES;
				CLANG_ANALYZER_NUMBER_OBJECT_CONVERSION = YES_AGGRESSIVE;
				CLANG_CXX_LANGUAGE_STANDARD = "gnu++20";
				CLANG_ENABLE_MODULES = YES;
				CLANG_ENABLE_OBJC_ARC = YES;
				CLANG_ENABLE_OBJC_WEAK = YES;
				CLANG_WARN_BLOCK_CAPTURE_AUTORELEASING = YES;
				CLANG_WARN_BOOL_CONVERSION = YES;
				CLANG_WARN_COMMA = YES;
				CLANG_WARN_CONSTANT_CONVERSION = YES;
				CLANG_WARN_DEPRECATED_OBJC_IMPLEMENTATIONS = YES;
				CLANG_WARN_DIRECT_OBJC_ISA_USAGE = YES_ERROR;
				CLANG_WARN_DOCUMENTATION_COMMENTS = YES;
				CLANG_WARN_EMPTY_BODY = YES;
				CLANG_WARN_ENUM_CONVERSION = YES;
				CLANG_WARN_INFINITE_RECURSION = YES;
				CLANG_WARN_INT_CONVERSION = YES;
				CLANG_WARN_NON_LITERAL_NULL_CONVERSION = YES;
				CLANG_WARN_OBJC_IMPLICIT_RETAIN_SELF = YES;
				CLANG_WARN_OBJC_LITERAL_CONVERSION = YES;
				CLANG_WARN_OBJC_ROOT_CLASS = YES_ERROR;
				CLANG_WARN_QUOTED_INCLUDE_IN_FRAMEWORK_HEADER = YES;
				CLANG_WARN_RANGE_LOOP_ANALYSIS = YES;
				CLANG_WARN_STRICT_PROTOTYPES = YES;
				CLANG_WARN_SUSPICIOUS_MOVE = YES;
				CLANG_WARN_UNGUARDED_AVAILABILITY = YES_AGGRESSIVE;
				CLANG_WARN_UNREACHABLE_CODE = YES;
				CLANG_WARN__DUPLICATE_METHOD_MATCH = YES;
				COPY_PHASE_STRIP = NO;
				DEBUG_INFORMATION_FORMAT = "dwarf-with-dsym";
				ENABLE_NS_ASSERTIONS = NO;
				ENABLE_STRICT_OBJC_MSGSEND = YES;
				ENABLE_USER_SCRIPT_SANDBOXING = YES;
				GCC_C_LANGUAGE_STANDARD = gnu17;
				GCC_NO_COMMON_BLOCKS = YES;
				GCC_WARN_64_TO_32_BIT_CONVERSION = YES;
				GCC_WARN_ABOUT_RETURN_TYPE = YES_ERROR;
				GCC_WARN_UNDECLARED_SELECTOR = YES;
				GCC_WARN_UNINITIALIZED_AUTOS = YES_AGGRESSIVE;
				GCC_WARN_UNUSED_FUNCTION = YES;
				GCC_WARN_UNUSED_VARIABLE = YES;
				IPHONEOS_DEPLOYMENT_TARGET = 17.4;
				LOCALIZATION_PREFERS_STRING_CATALOGS = YES;
				MTL_ENABLE_DEBUG_INFO = NO;
				MTL_FAST_MATH = YES;
				SDKROOT = iphoneos;
				SWIFT_COMPILATION_MODE = wholemodule;
				VALIDATE_PRODUCT = YES;
			};
			name = Release;
		};
		34B1C1E32BB6C5C30062D5AC /* Debug */ = {
			isa = XCBuildConfiguration;
			buildSettings = {
				ASSETCATALOG_COMPILER_APPICON_NAME = AppIcon;
				ASSETCATALOG_COMPILER_GLOBAL_ACCENT_COLOR_NAME = AccentColor;
				CODE_SIGN_STYLE = Automatic;
				CURRENT_PROJECT_VERSION = 1;
				DEVELOPMENT_ASSET_PATHS = "\"singleEthWallet/Preview Content\"";
				DEVELOPMENT_TEAM = 43TRN6VH45;
				ENABLE_PREVIEWS = YES;
				GENERATE_INFOPLIST_FILE = YES;
				INFOPLIST_KEY_UIApplicationSceneManifest_Generation = YES;
				INFOPLIST_KEY_UIApplicationSupportsIndirectInputEvents = YES;
				INFOPLIST_KEY_UILaunchScreen_Generation = YES;
				INFOPLIST_KEY_UISupportedInterfaceOrientations_iPad = "UIInterfaceOrientationPortrait UIInterfaceOrientationPortraitUpsideDown UIInterfaceOrientationLandscapeLeft UIInterfaceOrientationLandscapeRight";
				INFOPLIST_KEY_UISupportedInterfaceOrientations_iPhone = "UIInterfaceOrientationPortrait UIInterfaceOrientationLandscapeLeft UIInterfaceOrientationLandscapeRight";
				LD_RUNPATH_SEARCH_PATHS = (
					"$(inherited)",
					"@executable_path/Frameworks",
				);
				MARKETING_VERSION = 1.0;
				PRODUCT_BUNDLE_IDENTIFIER = com.eth.single.wallet.singleEthWallet;
				PRODUCT_NAME = "$(TARGET_NAME)";
				SWIFT_EMIT_LOC_STRINGS = YES;
				SWIFT_VERSION = 5.0;
				TARGETED_DEVICE_FAMILY = "1,2";
			};
			name = Debug;
		};
		34B1C1E42BB6C5C30062D5AC /* Release */ = {
			isa = XCBuildConfiguration;
			buildSettings = {
				ASSETCATALOG_COMPILER_APPICON_NAME = AppIcon;
				ASSETCATALOG_COMPILER_GLOBAL_ACCENT_COLOR_NAME = AccentColor;
				CODE_SIGN_STYLE = Automatic;
				CURRENT_PROJECT_VERSION = 1;
				DEVELOPMENT_ASSET_PATHS = "\"singleEthWallet/Preview Content\"";
				DEVELOPMENT_TEAM = 43TRN6VH45;
				ENABLE_PREVIEWS = YES;
				GENERATE_INFOPLIST_FILE = YES;
				INFOPLIST_KEY_UIApplicationSceneManifest_Generation = YES;
				INFOPLIST_KEY_UIApplicationSupportsIndirectInputEvents = YES;
				INFOPLIST_KEY_UILaunchScreen_Generation = YES;
				INFOPLIST_KEY_UISupportedInterfaceOrientations_iPad = "UIInterfaceOrientationPortrait UIInterfaceOrientationPortraitUpsideDown UIInterfaceOrientationLandscapeLeft UIInterfaceOrientationLandscapeRight";
				INFOPLIST_KEY_UISupportedInterfaceOrientations_iPhone = "UIInterfaceOrientationPortrait UIInterfaceOrientationLandscapeLeft UIInterfaceOrientationLandscapeRight";
				LD_RUNPATH_SEARCH_PATHS = (
					"$(inherited)",
					"@executable_path/Frameworks",
				);
				MARKETING_VERSION = 1.0;
				PRODUCT_BUNDLE_IDENTIFIER = com.eth.single.wallet.singleEthWallet;
				PRODUCT_NAME = "$(TARGET_NAME)";
				SWIFT_EMIT_LOC_STRINGS = YES;
				SWIFT_VERSION = 5.0;
				TARGETED_DEVICE_FAMILY = "1,2";
			};
			name = Release;
		};
		34B1C1E62BB6C5C30062D5AC /* Debug */ = {
			isa = XCBuildConfiguration;
			buildSettings = {
				ALWAYS_EMBED_SWIFT_STANDARD_LIBRARIES = YES;
				BUNDLE_LOADER = "$(TEST_HOST)";
				CODE_SIGN_STYLE = Automatic;
				CURRENT_PROJECT_VERSION = 1;
				DEVELOPMENT_TEAM = 43TRN6VH45;
				GENERATE_INFOPLIST_FILE = YES;
				IPHONEOS_DEPLOYMENT_TARGET = 17.4;
				MARKETING_VERSION = 1.0;
				PRODUCT_BUNDLE_IDENTIFIER = com.eth.single.wallet.singleEthWalletTests;
				PRODUCT_NAME = "$(TARGET_NAME)";
				SWIFT_EMIT_LOC_STRINGS = NO;
				SWIFT_VERSION = 5.0;
				TARGETED_DEVICE_FAMILY = "1,2";
				TEST_HOST = "$(BUILT_PRODUCTS_DIR)/singleEthWallet.app/$(BUNDLE_EXECUTABLE_FOLDER_PATH)/singleEthWallet";
			};
			name = Debug;
		};
		34B1C1E72BB6C5C30062D5AC /* Release */ = {
			isa = XCBuildConfiguration;
			buildSettings = {
				ALWAYS_EMBED_SWIFT_STANDARD_LIBRARIES = YES;
				BUNDLE_LOADER = "$(TEST_HOST)";
				CODE_SIGN_STYLE = Automatic;
				CURRENT_PROJECT_VERSION = 1;
				DEVELOPMENT_TEAM = 43TRN6VH45;
				GENERATE_INFOPLIST_FILE = YES;
				IPHONEOS_DEPLOYMENT_TARGET = 17.4;
				MARKETING_VERSION = 1.0;
				PRODUCT_BUNDLE_IDENTIFIER = com.eth.single.wallet.singleEthWalletTests;
				PRODUCT_NAME = "$(TARGET_NAME)";
				SWIFT_EMIT_LOC_STRINGS = NO;
				SWIFT_VERSION = 5.0;
				TARGETED_DEVICE_FAMILY = "1,2";
				TEST_HOST = "$(BUILT_PRODUCTS_DIR)/singleEthWallet.app/$(BUNDLE_EXECUTABLE_FOLDER_PATH)/singleEthWallet";
			};
			name = Release;
		};
		34B1C1E92BB6C5C30062D5AC /* Debug */ = {
			isa = XCBuildConfiguration;
			buildSettings = {
				ALWAYS_EMBED_SWIFT_STANDARD_LIBRARIES = YES;
				CODE_SIGN_STYLE = Automatic;
				CURRENT_PROJECT_VERSION = 1;
				DEVELOPMENT_TEAM = 43TRN6VH45;
				GENERATE_INFOPLIST_FILE = YES;
				MARKETING_VERSION = 1.0;
				PRODUCT_BUNDLE_IDENTIFIER = com.eth.single.wallet.singleEthWalletUITests;
				PRODUCT_NAME = "$(TARGET_NAME)";
				SWIFT_EMIT_LOC_STRINGS = NO;
				SWIFT_VERSION = 5.0;
				TARGETED_DEVICE_FAMILY = "1,2";
				TEST_TARGET_NAME = singleEthWallet;
			};
			name = Debug;
		};
		34B1C1EA2BB6C5C30062D5AC /* Release */ = {
			isa = XCBuildConfiguration;
			buildSettings = {
				ALWAYS_EMBED_SWIFT_STANDARD_LIBRARIES = YES;
				CODE_SIGN_STYLE = Automatic;
				CURRENT_PROJECT_VERSION = 1;
				DEVELOPMENT_TEAM = 43TRN6VH45;
				GENERATE_INFOPLIST_FILE = YES;
				MARKETING_VERSION = 1.0;
				PRODUCT_BUNDLE_IDENTIFIER = com.eth.single.wallet.singleEthWalletUITests;
				PRODUCT_NAME = "$(TARGET_NAME)";
				SWIFT_EMIT_LOC_STRINGS = NO;
				SWIFT_VERSION = 5.0;
				TARGETED_DEVICE_FAMILY = "1,2";
				TEST_TARGET_NAME = singleEthWallet;
			};
			name = Release;
		};
/* End XCBuildConfiguration section */

/* Begin XCConfigurationList section */
		34B1C1B92BB6C5C10062D5AC /* Build configuration list for PBXProject "singleEthWallet" */ = {
			isa = XCConfigurationList;
			buildConfigurations = (
				34B1C1E02BB6C5C30062D5AC /* Debug */,
				34B1C1E12BB6C5C30062D5AC /* Release */,
			);
			defaultConfigurationIsVisible = 0;
			defaultConfigurationName = Release;
		};
		34B1C1E22BB6C5C30062D5AC /* Build configuration list for PBXNativeTarget "singleEthWallet" */ = {
			isa = XCConfigurationList;
			buildConfigurations = (
				34B1C1E32BB6C5C30062D5AC /* Debug */,
				34B1C1E42BB6C5C30062D5AC /* Release */,
			);
			defaultConfigurationIsVisible = 0;
			defaultConfigurationName = Release;
		};
		34B1C1E52BB6C5C30062D5AC /* Build configuration list for PBXNativeTarget "singleEthWalletTests" */ = {
			isa = XCConfigurationList;
			buildConfigurations = (
				34B1C1E62BB6C5C30062D5AC /* Debug */,
				34B1C1E72BB6C5C30062D5AC /* Release */,
			);
			defaultConfigurationIsVisible = 0;
			defaultConfigurationName = Release;
		};
		34B1C1E82BB6C5C30062D5AC /* Build configuration list for PBXNativeTarget "singleEthWalletUITests" */ = {
			isa = XCConfigurationList;
			buildConfigurations = (
				34B1C1E92BB6C5C30062D5AC /* Debug */,
				34B1C1EA2BB6C5C30062D5AC /* Release */,
			);
			defaultConfigurationIsVisible = 0;
			defaultConfigurationName = Release;
		};
/* End XCConfigurationList section */
	};
	rootObject = 34B1C1B62BB6C5C10062D5AC /* Project object */;
}
